{
  "originHash" : "8df141ddc3709c8326a4b20ac35b9eae76f025abb8b87da4fa7ea91860cbe7cd",
  "pins" : [
    {
      "identity" : "channelswift",
      "kind" : "remoteSourceControl",
      "location" : "https://github.com/v57/ChannelSwift.git",
      "state" : {
        "branch" : "main",
        "revision" : "fe36571befd748edfd5d4d33447ecfb8626bb83e"
      }
    }
  ],
  "version" : 3
}
