{
  "originHash" : "93dabddeb9daf53c0684d68e9654f78c9a58ef94f2e0339b059acd949b14101e",
  "pins" : [
    {
      "identity" : "channelswift",
      "kind" : "remoteSourceControl",
      "location" : "https://github.com/v57/ChannelSwift.git",
      "state" : {
        "branch" : "main",
        "revision" : "5f7e5ccdb74bd28927335c315dcd91a8536f8279"
      }
    }
  ],
  "version" : 3
}
