{
  "originHash" : "9dffce51062ff304c8321f4e9743a02e5490f333d29a537901874975661de0a6",
  "pins" : [
    {
      "identity" : "channelswift",
      "kind" : "remoteSourceControl",
      "location" : "https://github.com/v57/ChannelSwift.git",
      "state" : {
        "branch" : "main",
        "revision" : "5f7e5ccdb74bd28927335c315dcd91a8536f8279"
      }
    }
  ],
  "version" : 3
}
